
Microsoft Visual Studio Solution File, Format Version 12.00
# Visual Studio 15
Project("{FAE04EC0-301F-11D3-BF4B-00C04F79EFBC}") = "Assembly-CSharp", "Assembly-CSharp.csproj", "{30B38E07-4D2D-60BA-2282-348DC69D29CE}"
EndProject
Project("{FAE04EC0-301F-11D3-BF4B-00C04F79EFBC}") = "NavMeshComponents", "NavMeshComponents.csproj", "{75D35C6E-5FB8-4CB6-A662-D74D2623E014}"
EndProject
Project("{FAE04EC0-301F-11D3-BF4B-00C04F79EFBC}") = "NavMeshComponentsEditor", "NavMeshComponentsEditor.csproj", "{E12B6F61-EF7B-99A9-5FED-3E66753C0897}"
EndProject
Global
	GlobalSection(SolutionConfigurationPlatforms) = preSolution
		Debug|Any CPU = Debug|Any CPU
		Release|Any CPU = Release|Any CPU
	EndGlobalSection
	GlobalSection(ProjectConfigurationPlatforms) = postSolution
		{30B38E07-4D2D-60BA-2282-348DC69D29CE}.Debug|Any CPU.ActiveCfg = Debug|Any CPU
		{30B38E07-4D2D-60BA-2282-348DC69D29CE}.Debug|Any CPU.Build.0 = Debug|Any CPU
		{30B38E07-4D2D-60BA-2282-348DC69D29CE}.Release|Any CPU.ActiveCfg = Release|Any CPU
		{30B38E07-4D2D-60BA-2282-348DC69D29CE}.Release|Any CPU.Build.0 = Release|Any CPU
		{75D35C6E-5FB8-4CB6-A662-D74D2623E014}.Debug|Any CPU.ActiveCfg = Debug|Any CPU
		{75D35C6E-5FB8-4CB6-A662-D74D2623E014}.Debug|Any CPU.Build.0 = Debug|Any CPU
		{75D35C6E-5FB8-4CB6-A662-D74D2623E014}.Release|Any CPU.ActiveCfg = Release|Any CPU
		{75D35C6E-5FB8-4CB6-A662-D74D2623E014}.Release|Any CPU.Build.0 = Release|Any CPU
		{E12B6F61-EF7B-99A9-5FED-3E66753C0897}.Debug|Any CPU.ActiveCfg = Debug|Any CPU
		{E12B6F61-EF7B-99A9-5FED-3E66753C0897}.Debug|Any CPU.Build.0 = Debug|Any CPU
		{E12B6F61-EF7B-99A9-5FED-3E66753C0897}.Release|Any CPU.ActiveCfg = Release|Any CPU
		{E12B6F61-EF7B-99A9-5FED-3E66753C0897}.Release|Any CPU.Build.0 = Release|Any CPU
	EndGlobalSection
	GlobalSection(SolutionProperties) = preSolution
		HideSolutionNode = FALSE
	EndGlobalSection
EndGlobal
